
Microsoft Visual Studio Solution File, Format Version 12.00
# Visual Studio Version 17
VisualStudioVersion = 17.4.33213.308
MinimumVisualStudioVersion = 10.0.40219.1
Project("{9A19103F-16F7-4668-BE54-9A1E7A4F7556}") = "mygame", "mygame.csproj", "{FC385594-F139-4078-A257-57AE5AA38CD5}"
EndProject
Global
	GlobalSection(SolutionConfigurationPlatforms) = preSolution
		Debug|Any CPU = Debug|Any CPU
		Release|Any CPU = Release|Any CPU
	EndGlobalSection
	GlobalSection(ProjectConfigurationPlatforms) = postSolution
		{FC385594-F139-4078-A257-57AE5AA38CD5}.Debug|Any CPU.ActiveCfg = Debug|Any CPU
		{FC385594-F139-4078-A257-57AE5AA38CD5}.Debug|Any CPU.Build.0 = Debug|Any CPU
		{FC385594-F139-4078-A257-57AE5AA38CD5}.Release|Any CPU.ActiveCfg = Release|Any CPU
		{FC385594-F139-4078-A257-57AE5AA38CD5}.Release|Any CPU.Build.0 = Release|Any CPU
	EndGlobalSection
	GlobalSection(SolutionProperties) = preSolution
		HideSolutionNode = FALSE
	EndGlobalSection
	GlobalSection(ExtensibilityGlobals) = postSolution
		SolutionGuid = {CAE60798-10F1-4BC5-AED5-BECBEAC5451B}
	EndGlobalSection
EndGlobal
